
Microsoft Visual Studio Solution File, Format Version 12.00
# Visual Studio Version 16
VisualStudioVersion = 16.0.30523.141
MinimumVisualStudioVersion = 10.0.40219.1
Project("{FAE04EC0-301F-11D3-BF4B-00C04F79EFBC}") = "Lab 7", "Lab 7\Lab 7.csproj", "{AFEEC476-D1AB-4138-9893-77B0DE7396E3}"
EndProject
Global
	GlobalSection(SolutionConfigurationPlatforms) = preSolution
		Debug|Any CPU = Debug|Any CPU
		Release|Any CPU = Release|Any CPU
	EndGlobalSection
	GlobalSection(ProjectConfigurationPlatforms) = postSolution
		{AFEEC476-D1AB-4138-9893-77B0DE7396E3}.Debug|Any CPU.ActiveCfg = Debug|Any CPU
		{AFEEC476-D1AB-4138-9893-77B0DE7396E3}.Debug|Any CPU.Build.0 = Debug|Any CPU
		{AFEEC476-D1AB-4138-9893-77B0DE7396E3}.Release|Any CPU.ActiveCfg = Release|Any CPU
		{AFEEC476-D1AB-4138-9893-77B0DE7396E3}.Release|Any CPU.Build.0 = Release|Any CPU
	EndGlobalSection
	GlobalSection(SolutionProperties) = preSolution
		HideSolutionNode = FALSE
	EndGlobalSection
	GlobalSection(ExtensibilityGlobals) = postSolution
		SolutionGuid = {B0BFE4E7-2560-4380-B058-3997F20478E1}
	EndGlobalSection
EndGlobal
